
Microsoft Visual Studio Solution File, Format Version 12.00
# Visual Studio Version 17
VisualStudioVersion = 17.1.32328.378
MinimumVisualStudioVersion = 10.0.40219.1
Project("{9A19103F-16F7-4668-BE54-9A1E7A4F7556}") = "Keysharp", "Keysharp\Keysharp.csproj", "{767E0FF6-23EC-4D77-B594-1EAC19382537}"
EndProject
Project("{9A19103F-16F7-4668-BE54-9A1E7A4F7556}") = "Keysharp.Core", "Keysharp.Core\Keysharp.Core.csproj", "{3A4CD019-C912-4E4E-A6EF-1FF263DE6DB2}"
EndProject
Project("{9A19103F-16F7-4668-BE54-9A1E7A4F7556}") = "Keysharp.OutputTest", "Keysharp.OutputTest\Keysharp.OutputTest.csproj", "{0A5CF3DA-E74D-4721-99AA-1694C9C50A6E}"
EndProject
Project("{9A19103F-16F7-4668-BE54-9A1E7A4F7556}") = "Keysharp.Tests", "Keysharp.Tests\Keysharp.Tests.csproj", "{0BCDB068-1AE2-4CBF-B963-B9D905CB3813}"
EndProject
Project("{9A19103F-16F7-4668-BE54-9A1E7A4F7556}") = "Keyview", "Keyview\Keyview.csproj", "{B5C755D9-BDA8-4DF9-A449-675B34F1D329}"
EndProject
Project("{9A19103F-16F7-4668-BE54-9A1E7A4F7556}") = "Keysharp.Benchmark", "Keysharp.Benchmark\Keysharp.Benchmark.csproj", "{F9B7FD7F-4371-4A35-AEC9-061DB737A9D6}"
EndProject
Global
	GlobalSection(SolutionConfigurationPlatforms) = preSolution
		Debug|Any CPU = Debug|Any CPU
		Release|Any CPU = Release|Any CPU
	EndGlobalSection
	GlobalSection(ProjectConfigurationPlatforms) = postSolution
		{767E0FF6-23EC-4D77-B594-1EAC19382537}.Debug|Any CPU.ActiveCfg = Debug|Any CPU
		{767E0FF6-23EC-4D77-B594-1EAC19382537}.Debug|Any CPU.Build.0 = Debug|Any CPU
		{767E0FF6-23EC-4D77-B594-1EAC19382537}.Release|Any CPU.ActiveCfg = Release|Any CPU
		{767E0FF6-23EC-4D77-B594-1EAC19382537}.Release|Any CPU.Build.0 = Release|Any CPU
		{3A4CD019-C912-4E4E-A6EF-1FF263DE6DB2}.Debug|Any CPU.ActiveCfg = Debug|Any CPU
		{3A4CD019-C912-4E4E-A6EF-1FF263DE6DB2}.Debug|Any CPU.Build.0 = Debug|Any CPU
		{3A4CD019-C912-4E4E-A6EF-1FF263DE6DB2}.Release|Any CPU.ActiveCfg = Release|Any CPU
		{3A4CD019-C912-4E4E-A6EF-1FF263DE6DB2}.Release|Any CPU.Build.0 = Release|Any CPU
		{0A5CF3DA-E74D-4721-99AA-1694C9C50A6E}.Debug|Any CPU.ActiveCfg = Debug|Any CPU
		{0A5CF3DA-E74D-4721-99AA-1694C9C50A6E}.Debug|Any CPU.Build.0 = Debug|Any CPU
		{0A5CF3DA-E74D-4721-99AA-1694C9C50A6E}.Release|Any CPU.ActiveCfg = Release|Any CPU
		{0A5CF3DA-E74D-4721-99AA-1694C9C50A6E}.Release|Any CPU.Build.0 = Release|Any CPU
		{0BCDB068-1AE2-4CBF-B963-B9D905CB3813}.Debug|Any CPU.ActiveCfg = Debug|Any CPU
		{0BCDB068-1AE2-4CBF-B963-B9D905CB3813}.Debug|Any CPU.Build.0 = Debug|Any CPU
		{0BCDB068-1AE2-4CBF-B963-B9D905CB3813}.Release|Any CPU.ActiveCfg = Release|Any CPU
		{0BCDB068-1AE2-4CBF-B963-B9D905CB3813}.Release|Any CPU.Build.0 = Release|Any CPU
		{B5C755D9-BDA8-4DF9-A449-675B34F1D329}.Debug|Any CPU.ActiveCfg = Debug|Any CPU
		{B5C755D9-BDA8-4DF9-A449-675B34F1D329}.Debug|Any CPU.Build.0 = Debug|Any CPU
		{B5C755D9-BDA8-4DF9-A449-675B34F1D329}.Release|Any CPU.ActiveCfg = Release|Any CPU
		{B5C755D9-BDA8-4DF9-A449-675B34F1D329}.Release|Any CPU.Build.0 = Release|Any CPU
		{F9B7FD7F-4371-4A35-AEC9-061DB737A9D6}.Debug|Any CPU.ActiveCfg = Debug|Any CPU
		{F9B7FD7F-4371-4A35-AEC9-061DB737A9D6}.Debug|Any CPU.Build.0 = Debug|Any CPU
		{F9B7FD7F-4371-4A35-AEC9-061DB737A9D6}.Release|Any CPU.ActiveCfg = Release|Any CPU
		{F9B7FD7F-4371-4A35-AEC9-061DB737A9D6}.Release|Any CPU.Build.0 = Release|Any CPU
	EndGlobalSection
	GlobalSection(SolutionProperties) = preSolution
		HideSolutionNode = FALSE
	EndGlobalSection
	GlobalSection(ExtensibilityGlobals) = postSolution
		SolutionGuid = {6A61810C-1FD3-4A5F-934A-63BAED841D22}
	EndGlobalSection
EndGlobal
